
Microsoft Visual Studio Solution File, Format Version 12.00
# Visual Studio Version 17
VisualStudioVersion = 17.14.36408.4 d17.14
MinimumVisualStudioVersion = 10.0.40219.1
Project("{8BC9CEB8-8B4A-11D0-8D11-00A0C91BC942}") = "TorchProject", "TorchProject.vcxproj", "{8AB786AA-3CA3-4D97-9577-4A708E0574B7}"
EndProject
Global
	GlobalSection(SolutionConfigurationPlatforms) = preSolution
		Debug|x64 = Debug|x64
		Release|x64 = Release|x64
	EndGlobalSection
	GlobalSection(ProjectConfigurationPlatforms) = postSolution
		{8AB786AA-3CA3-4D97-9577-4A708E0574B7}.Debug|x64.ActiveCfg = Debug|x64
		{8AB786AA-3CA3-4D97-9577-4A708E0574B7}.Debug|x64.Build.0 = Debug|x64
		{8AB786AA-3CA3-4D97-9577-4A708E0574B7}.Release|x64.ActiveCfg = Release|x64
		{8AB786AA-3CA3-4D97-9577-4A708E0574B7}.Release|x64.Build.0 = Release|x64
	EndGlobalSection
	GlobalSection(SolutionProperties) = preSolution
		HideSolutionNode = FALSE
	EndGlobalSection
	GlobalSection(ExtensibilityGlobals) = postSolution
		SolutionGuid = {8CA98CDB-85F0-4D1E-BAB8-E23854CD1FF4}
	EndGlobalSection
EndGlobal
