<?xml version="1.0" encoding="utf-8"?>
<Project ToolsVersion="4.0" xmlns="http://schemas.microsoft.com/developer/msbuild/2003">
  <ItemGroup>
    <Filter Include="源文件">
      <UniqueIdentifier>{4FC737F1-C7A5-4376-A066-2A32D752A2FF}</UniqueIdentifier>
      <Extensions>cpp;c;cc;cxx;c++;cppm;ixx;def;odl;idl;hpj;bat;asm;asmx</Extensions>
    </Filter>
    <Filter Include="头文件">
      <UniqueIdentifier>{93995380-89BD-4b04-88EB-625FBE52EBFB}</UniqueIdentifier>
      <Extensions>h;hh;hpp;hxx;h++;hm;inl;inc;ipp;xsd</Extensions>
    </Filter>
    <Filter Include="资源文件">
      <UniqueIdentifier>{67DA6AB6-F800-4c08-8B7A-83BB121AAD01}</UniqueIdentifier>
      <Extensions>rc;ico;cur;bmp;dlg;rc2;rct;bin;rgs;gif;jpg;jpeg;jpe;resx;tiff;tif;png;wav;mfcribbon-ms</Extensions>
    </Filter>
  </ItemGroup>
  <ItemGroup>
    <ClCompile Include="UniversalTemplate.cpp">
      <Filter>源文件</Filter>
    </ClCompile>
    <ClCompile Include="..\..\UniversalTemplateCuda\DecoderOnly.cpp">
      <Filter>源文件</Filter>
    </ClCompile>
    <ClCompile Include="..\..\UniversalTemplateCuda\EmbeddingWithPosition.cpp">
      <Filter>源文件</Filter>
    </ClCompile>
    <ClCompile Include="..\..\UniversalTemplateCuda\LogStream.cpp">
      <Filter>源文件</Filter>
    </ClCompile>
    <ClCompile Include="..\..\UniversalTemplateCuda\pch.cpp">
      <Filter>源文件</Filter>
    </ClCompile>
    <ClCompile Include="..\..\UniversalTemplateCuda\TrainText.cpp">
      <Filter>源文件</Filter>
    </ClCompile>
    <ClCompile Include="..\..\UniversalTemplateCuda\XBBPE.cpp">
      <Filter>源文件</Filter>
    </ClCompile>
    <ClCompile Include="..\..\UniversalTemplateCuda\XBDataset.cpp">
      <Filter>源文件</Filter>
    </ClCompile>
    <ClCompile Include="..\..\UniversalTemplateCuda\XDecoderLayer.cpp">
      <Filter>源文件</Filter>
    </ClCompile>
    <ClCompile Include="..\..\UniversalTemplateCuda\XFeedforward.cpp">
      <Filter>源文件</Filter>
    </ClCompile>
    <ClCompile Include="..\..\UniversalTemplateCuda\XMultiHeadAttention.cpp">
      <Filter>源文件</Filter>
    </ClCompile>
    <ClCompile Include="..\..\UniversalTemplateCuda\XTrainPredict.cpp">
      <Filter>源文件</Filter>
    </ClCompile>
  </ItemGroup>
  <ItemGroup>
    <ClInclude Include="..\..\UniversalTemplateCuda\DecoderOnly.h">
      <Filter>头文件</Filter>
    </ClInclude>
    <ClInclude Include="..\..\UniversalTemplateCuda\EmbeddingWithPosition.h">
      <Filter>头文件</Filter>
    </ClInclude>
    <ClInclude Include="..\..\UniversalTemplateCuda\LogStream.h">
      <Filter>头文件</Filter>
    </ClInclude>
    <ClInclude Include="..\..\UniversalTemplateCuda\pch.h">
      <Filter>头文件</Filter>
    </ClInclude>
    <ClInclude Include="..\..\UniversalTemplateCuda\TrainText.h">
      <Filter>头文件</Filter>
    </ClInclude>
    <ClInclude Include="..\..\UniversalTemplateCuda\XBBPE.h">
      <Filter>头文件</Filter>
    </ClInclude>
    <ClInclude Include="..\..\UniversalTemplateCuda\XBDataset.h">
      <Filter>头文件</Filter>
    </ClInclude>
    <ClInclude Include="..\..\UniversalTemplateCuda\XFeedforward.h">
      <Filter>头文件</Filter>
    </ClInclude>
    <ClInclude Include="..\..\UniversalTemplateCuda\XDecoderLayer.h">
      <Filter>头文件</Filter>
    </ClInclude>
    <ClInclude Include="..\..\UniversalTemplateCuda\XTrainPredict.h">
      <Filter>头文件</Filter>
    </ClInclude>
    <ClInclude Include="..\..\UniversalTemplateCuda\XMultiHeadAttention.h">
      <Filter>头文件</Filter>
    </ClInclude>
  </ItemGroup>
</Project>